github.com/google/go-cmp v0.6.0 h1:ofyhxvXcZhMsU5ulbFiLKl/XBFqE1GSq7atu8tAmTRI=
github.com/google/go-cmp v0.6.0/go.mod h1:17dUlkBOakJ0+DkrSSNjCkIjxS6bF9zb3elmeNGIjoY=
github.com/google/go-cmp v0.7.0 h1:wk8382ETsv4JYUZwIsn6YpYiWiBsYLSJiTsyBybVuN8=
github.com/munnerz/goautoneg v0.0.0-20191010083416-a7dc8b61c822 h1:C3w9PqII01/Oq1c1nUAm88MOHcQC9l5mIlSMApZMrHA=
github.com/munnerz/goautoneg v0.0.0-20191010083416-a7dc8b61c822/go.mod h1:+n7T8mK8HuQTcFwEeznm/DIxMOiR9yIdICNftLE1DvQ=
github.com/prometheus/client_model v0.6.0 h1:k1v3CzpSRUTrKMppY35TLwPvxHqBu0bYgxZzqGIgaos=
github.com/prometheus/client_model v0.6.0/go.mod h1:NTQHnmxFpouOD0DpvP4XujX3CdOAGQPoaGhyTchlyt8=
github.com/prometheus/client_model v0.6.2 h1:oBsgwpGs7iVziMvrGhE53c/GrLUsZdHnqNwqPLxwZyk=
github.com/prometheus/client_model v0.6.2/go.mod h1:y3m2F6Gdpfy6Ut/GBsUqTWZqCUvMVzSfMLjcu6wAwpE=
github.com/prometheus/common v0.47.0 h1:p5Cz0FNHo7SnWOmWmoRozVcjEp0bIVU8cV7OShpjL1k=
github.com/prometheus/common v0.47.0/go.mod h1:0/KsvlIEfPQCQ5I2iNSAWKPZziNCvRs5EC6ILDTlAPc=
github.com/prometheus/common v0.69.0 h1:OA85nJQS/T/MaYh/Q2CcgDKSGWqNIgrBDvDH85CuiNk=
github.com/prometheus/common v0.69.0/go.mod h1:ZzL3f6u94qUxh9p+tJTrF+FvBS1XXbbRAZCQkytAL0Y=
google.golang.org/protobuf v1.33.0 h1:uNO2rsAINq/JlFpSdYEKIZ0uKD/R9cpdv0T+yoGwGmI=
google.golang.org/protobuf v1.33.0/go.mod h1:c6P6GXX6sHbq/GpV6MGZEdwhWPcYBgnhAHhKbcUYpos=
google.golang.org/protobuf v1.36.11 h1:fV6ZwhNocDyBLK0dj+fg8ektcVegBBuEolpbTQyBNVE=
google.golang.org/protobuf v1.36.11/go.mod h1:HTf+CrKn2C3g5S8VImy6tdcUvCska2kB7j23XfzDpco=
